
Microsoft Visual Studio Solution File, Format Version 12.00
# Visual Studio Version 16
VisualStudioVersion = 16.0.31515.178
MinimumVisualStudioVersion = 10.0.40219.1
Project("{FAE04EC0-301F-11D3-BF4B-00C04F79EFBC}") = "practice_3", "home_business\practice_3.csproj", "{0C5BE6F2-00D4-4FF6-ACCE-99DB418FA5C6}"
EndProject
Global
	GlobalSection(SolutionConfigurationPlatforms) = preSolution
		Debug|Any CPU = Debug|Any CPU
		Release|Any CPU = Release|Any CPU
	EndGlobalSection
	GlobalSection(ProjectConfigurationPlatforms) = postSolution
		{0C5BE6F2-00D4-4FF6-ACCE-99DB418FA5C6}.Debug|Any CPU.ActiveCfg = Debug|Any CPU
		{0C5BE6F2-00D4-4FF6-ACCE-99DB418FA5C6}.Debug|Any CPU.Build.0 = Debug|Any CPU
		{0C5BE6F2-00D4-4FF6-ACCE-99DB418FA5C6}.Release|Any CPU.ActiveCfg = Release|Any CPU
		{0C5BE6F2-00D4-4FF6-ACCE-99DB418FA5C6}.Release|Any CPU.Build.0 = Release|Any CPU
	EndGlobalSection
	GlobalSection(SolutionProperties) = preSolution
		HideSolutionNode = FALSE
	EndGlobalSection
	GlobalSection(ExtensibilityGlobals) = postSolution
		SolutionGuid = {9387B901-CE8D-4D05-8803-A782129554DA}
	EndGlobalSection
EndGlobal
